
Microsoft Visual Studio Solution File, Format Version 12.00
# Visual Studio Version 17
VisualStudioVersion = 17.14.36221.1 d17.14
MinimumVisualStudioVersion = 10.0.40219.1
Project("{FAE04EC0-301F-11D3-BF4B-00C04F79EFBC}") = "WebApplication2", "WebApplication2\WebApplication2.csproj", "{A247F61E-04F5-4B9D-99DD-5478E71160FB}"
EndProject
Project("{FAE04EC0-301F-11D3-BF4B-00C04F79EFBC}") = "WebApplication1", "WebApplication1\WebApplication1.csproj", "{BE1EC1F0-6E18-4408-B296-548013F6FBB1}"
EndProject
Global
	GlobalSection(SolutionConfigurationPlatforms) = preSolution
		Debug|Any CPU = Debug|Any CPU
		Release|Any CPU = Release|Any CPU
	EndGlobalSection
	GlobalSection(ProjectConfigurationPlatforms) = postSolution
		{A247F61E-04F5-4B9D-99DD-5478E71160FB}.Debug|Any CPU.ActiveCfg = Debug|Any CPU
		{A247F61E-04F5-4B9D-99DD-5478E71160FB}.Debug|Any CPU.Build.0 = Debug|Any CPU
		{A247F61E-04F5-4B9D-99DD-5478E71160FB}.Release|Any CPU.ActiveCfg = Release|Any CPU
		{A247F61E-04F5-4B9D-99DD-5478E71160FB}.Release|Any CPU.Build.0 = Release|Any CPU
		{BE1EC1F0-6E18-4408-B296-548013F6FBB1}.Debug|Any CPU.ActiveCfg = Debug|Any CPU
		{BE1EC1F0-6E18-4408-B296-548013F6FBB1}.Debug|Any CPU.Build.0 = Debug|Any CPU
		{BE1EC1F0-6E18-4408-B296-548013F6FBB1}.Release|Any CPU.ActiveCfg = Release|Any CPU
		{BE1EC1F0-6E18-4408-B296-548013F6FBB1}.Release|Any CPU.Build.0 = Release|Any CPU
	EndGlobalSection
	GlobalSection(SolutionProperties) = preSolution
		HideSolutionNode = FALSE
	EndGlobalSection
	GlobalSection(ExtensibilityGlobals) = postSolution
		SolutionGuid = {045BA9EB-E323-4C36-B0DE-686A7FCBDA03}
	EndGlobalSection
EndGlobal
